
Microsoft Visual Studio Solution File, Format Version 12.00
# Visual Studio Version 17
VisualStudioVersion = 17.1.32328.378
MinimumVisualStudioVersion = 10.0.40219.1
Project("{FAE04EC0-301F-11D3-BF4B-00C04F79EFBC}") = "RegexValidation", "RegexValidation.csproj", "{3EEC1A08-F669-4F9E-B97A-DA4057AC872C}"
EndProject
Project("{FAE04EC0-301F-11D3-BF4B-00C04F79EFBC}") = "TestProject1", "..\TestProject1\TestProject1.csproj", "{981FD9B6-87F6-4E72-B1C1-7A92727E27F1}"
EndProject
Global
	GlobalSection(SolutionConfigurationPlatforms) = preSolution
		Debug|Any CPU = Debug|Any CPU
		Release|Any CPU = Release|Any CPU
	EndGlobalSection
	GlobalSection(ProjectConfigurationPlatforms) = postSolution
		{3EEC1A08-F669-4F9E-B97A-DA4057AC872C}.Debug|Any CPU.ActiveCfg = Debug|Any CPU
		{3EEC1A08-F669-4F9E-B97A-DA4057AC872C}.Debug|Any CPU.Build.0 = Debug|Any CPU
		{3EEC1A08-F669-4F9E-B97A-DA4057AC872C}.Release|Any CPU.ActiveCfg = Release|Any CPU
		{3EEC1A08-F669-4F9E-B97A-DA4057AC872C}.Release|Any CPU.Build.0 = Release|Any CPU
		{981FD9B6-87F6-4E72-B1C1-7A92727E27F1}.Debug|Any CPU.ActiveCfg = Debug|Any CPU
		{981FD9B6-87F6-4E72-B1C1-7A92727E27F1}.Debug|Any CPU.Build.0 = Debug|Any CPU
		{981FD9B6-87F6-4E72-B1C1-7A92727E27F1}.Release|Any CPU.ActiveCfg = Release|Any CPU
		{981FD9B6-87F6-4E72-B1C1-7A92727E27F1}.Release|Any CPU.Build.0 = Release|Any CPU
	EndGlobalSection
	GlobalSection(SolutionProperties) = preSolution
		HideSolutionNode = FALSE
	EndGlobalSection
	GlobalSection(ExtensibilityGlobals) = postSolution
		SolutionGuid = {2E9E7D0D-00A7-4802-B852-519FBE549ED8}
	EndGlobalSection
EndGlobal
